
Microsoft Visual Studio Solution File, Format Version 12.00
# Visual Studio Version 16
VisualStudioVersion = 16.0.32901.82
MinimumVisualStudioVersion = 10.0.40219.1
Project("{FAE04EC0-301F-11D3-BF4B-00C04F79EFBC}") = "lec13 ex5", "lec13 ex5\lec13 ex5.csproj", "{BCF3CEE8-02FC-44A5-AF3F-8ADCABBEC581}"
EndProject
Global
	GlobalSection(SolutionConfigurationPlatforms) = preSolution
		Debug|Any CPU = Debug|Any CPU
		Release|Any CPU = Release|Any CPU
	EndGlobalSection
	GlobalSection(ProjectConfigurationPlatforms) = postSolution
		{BCF3CEE8-02FC-44A5-AF3F-8ADCABBEC581}.Debug|Any CPU.ActiveCfg = Debug|Any CPU
		{BCF3CEE8-02FC-44A5-AF3F-8ADCABBEC581}.Debug|Any CPU.Build.0 = Debug|Any CPU
		{BCF3CEE8-02FC-44A5-AF3F-8ADCABBEC581}.Release|Any CPU.ActiveCfg = Release|Any CPU
		{BCF3CEE8-02FC-44A5-AF3F-8ADCABBEC581}.Release|Any CPU.Build.0 = Release|Any CPU
	EndGlobalSection
	GlobalSection(SolutionProperties) = preSolution
		HideSolutionNode = FALSE
	EndGlobalSection
	GlobalSection(ExtensibilityGlobals) = postSolution
		SolutionGuid = {33A021CD-C32B-4A5D-84B8-15590DA6DFAE}
	EndGlobalSection
EndGlobal
